{
    "_readme": [
        "This file locks the dependencies of your project to a known state",
        "Read more about it at https://getcomposer.org/doc/01-basic-usage.md#installing-dependencies",
        "This file is @generated automatically"
    ],
    "content-hash": "e06a16d93e0b5735d9915306d1bb86c8",
    "packages": [
        {
            "name": "botman/botman",
            "version": "dev-master",
            "source": {
                "type": "git",
                "url": "https://github.com/botman/botman.git",
                "reference": "80eb90459c90d294154298cea64e0454bf394b98"
            },
            "dist": {
                "type": "zip",
                "url": "https://api.github.com/repos/botman/botman/zipball/80eb90459c90d294154298cea64e0454bf394b98",
                "reference": "80eb90459c90d294154298cea64e0454bf394b98",
                "shasum": ""
            },
            "require": {
                "mpociot/pipeline": "^1.0",
                "opis/closure": "^2.3",
                "php": ">=7.0",
                "psr/container": "^1.0",
                "react/socket": "~0.4",
                "spatie/macroable": "^1.0",
                "symfony/http-foundation": "2.8.*|3.0.*|3.1.*|3.2.*|3.3.*|3.4.*|4.0.*",
                "tightenco/collect": "~5.0"
            },
            "require-dev": {
                "codeigniter/framework": "~3.0",
                "doctrine/cache": "^1.6",
                "ext-curl": "*",
                "illuminate/support": "^5.4",
                "mockery/mockery": "dev-master",
                "orchestra/testbench": "~3.0",
                "phpunit/phpunit": "~6.4",
                "sllh/php-cs-fixer-styleci-bridge": "^2.1",
                "symfony/cache": "^3.1"
            },
            "suggest": {
                "doctrine/cache": "Use any Doctrine cache driver for cache",
                "symfony/cache": "Use any Symfony cache driver for cache"
            },
            "type": "library",
            "extra": {
                "branch-alias": {
                    "dev-master": "3.0-dev"
                },
                "laravel": {
                    "providers": [
                        "BotMan\\BotMan\\BotManServiceProvider"
                    ],
                    "aliases": {
                        "BotMan": "BotMan\\BotMan\\Facades\\BotMan"
                    }
                }
            },
            "autoload": {
                "psr-4": {
                    "BotMan\\BotMan\\": "src/"
                }
            },
            "notification-url": "https://packagist.org/downloads/",
            "license": [
                "MIT"
            ],
            "authors": [
                {
                    "name": "Marcel Pociot",
                    "email": "m.pociot@gmail.com"
                }
            ],
            "description": "Create messaging bots in PHP with ease.",
            "homepage": "http://github.com/botman/botman",
            "keywords": [
                "Botman",
                "bot",
                "chatbot"
            ],
            "support": {
                "issues": "https://github.com/botman/botman/issues",
                "source": "https://github.com/botman/botman/tree/master"
            },
            "time": "2020-05-21T16:49:51+00:00"
        },
        {
            "name": "botman/driver-web",
            "version": "dev-master",
            "source": {
                "type": "git",
                "url": "https://github.com/botman/driver-web.git",
                "reference": "cf6612c6e465848547dba5c3f8b2588032e3c7f6"
            },
            "dist": {
                "type": "zip",
                "url": "https://api.github.com/repos/botman/driver-web/zipball/cf6612c6e465848547dba5c3f8b2588032e3c7f6",
                "reference": "cf6612c6e465848547dba5c3f8b2588032e3c7f6",
                "shasum": ""
            },
            "require": {
                "botman/botman": "~3.0",
                "php": ">=7.0"
            },
            "require-dev": {
                "botman/driver-facebook": "~2.0",
                "botman/studio-addons": "~1.0",
                "ext-curl": "*",
                "illuminate/support": "~5.5.0",
                "mockery/mockery": "dev-master",
                "phpunit/phpunit": "~5.0"
            },
            "default-branch": true,
            "type": "library",
            "extra": {
                "branch-alias": {
                    "dev-master": "2.0-dev"
                },
                "laravel": {
                    "providers": [
                        "BotMan\\Drivers\\Web\\Providers\\WebServiceProvider"
                    ]
                }
            },
            "autoload": {
                "psr-4": {
                    "BotMan\\Drivers\\Web\\": "src/"
                }
            },
            "notification-url": "https://packagist.org/downloads/",
            "license": [
                "MIT"
            ],
            "authors": [
                {
                    "name": "Marcel Pociot",
                    "email": "m.pociot@gmail.com"
                }
            ],
            "description": "Web driver for BotMan",
            "homepage": "http://github.com/botman/driver-web",
            "keywords": [
                "Botman",
                "bot",
                "web"
            ],
            "support": {
                "issues": "https://github.com/botman/driver-web/issues",
                "source": "https://github.com/botman/driver-web/tree/master"
            },
            "time": "2020-09-03T09:03:19+00:00"
        },
        {
            "name": "evenement/evenement",
            "version": "v3.0.1",
            "source": {
                "type": "git",
                "url": "https://github.com/igorw/evenement.git",
                "reference": "531bfb9d15f8aa57454f5f0285b18bec903b8fb7"
            },
            "dist": {
                "type": "zip",
                "url": "https://api.github.com/repos/igorw/evenement/zipball/531bfb9d15f8aa57454f5f0285b18bec903b8fb7",
                "reference": "531bfb9d15f8aa57454f5f0285b18bec903b8fb7",
                "shasum": ""
            },
            "require": {
                "php": ">=7.0"
            },
            "require-dev": {
                "phpunit/phpunit": "^6.0"
            },
            "type": "library",
            "autoload": {
                "psr-0": {
                    "Evenement": "src"
                }
            },
            "notification-url": "https://packagist.org/downloads/",
            "license": [
                "MIT"
            ],
            "authors": [
                {
                    "name": "Igor Wiedler",
                    "email": "igor@wiedler.ch"
                }
            ],
            "description": "Événement is a very simple event dispatching library for PHP",
            "keywords": [
                "event-dispatcher",
                "event-emitter"
            ],
            "support": {
                "issues": "https://github.com/igorw/evenement/issues",
                "source": "https://github.com/igorw/evenement/tree/master"
            },
            "time": "2017-07-23T21:35:13+00:00"
        },
        {
            "name": "mpociot/pipeline",
            "version": "1.0.2",
            "source": {
                "type": "git",
                "url": "https://github.com/mpociot/pipeline.git",
                "reference": "3584db4a0de68067b2b074edfadf6a48b5603a6b"
            },
            "dist": {
                "type": "zip",
                "url": "https://api.github.com/repos/mpociot/pipeline/zipball/3584db4a0de68067b2b074edfadf6a48b5603a6b",
                "reference": "3584db4a0de68067b2b074edfadf6a48b5603a6b",
                "shasum": ""
            },
            "require": {
                "php": ">=5.6.0"
            },
            "require-dev": {
                "phpunit/phpunit": "~5.0"
            },
            "type": "library",
            "autoload": {
                "psr-4": {
                    "Mpociot\\Pipeline\\": "src/"
                }
            },
            "notification-url": "https://packagist.org/downloads/",
            "license": [
                "MIT"
            ],
            "authors": [
                {
                    "name": "Marcel Pociot",
                    "email": "m.pociot@gmail.com"
                }
            ],
            "description": "Simple PHP middleware pipeline",
            "homepage": "http://github.com/mpociot/pipeline",
            "keywords": [
                "middleware",
                "pipeline"
            ],
            "support": {
                "issues": "https://github.com/mpociot/pipeline/issues",
                "source": "https://github.com/mpociot/pipeline/tree/1.0.2"
            },
            "time": "2017-04-21T13:22:05+00:00"
        },
        {
            "name": "opis/closure",
            "version": "2.4.x-dev",
            "source": {
                "type": "git",
                "url": "https://github.com/opis/closure.git",
                "reference": "ceee85c76bcd1fcc13e14a7579c481d533dfafbe"
            },
            "dist": {
                "type": "zip",
                "url": "https://api.github.com/repos/opis/closure/zipball/ceee85c76bcd1fcc13e14a7579c481d533dfafbe",
                "reference": "ceee85c76bcd1fcc13e14a7579c481d533dfafbe",
                "shasum": ""
            },
            "require": {
                "php": ">=5.3.0"
            },
            "require-dev": {
                "jeremeamia/superclosure": "^2.0",
                "phpunit/phpunit": "3.7.*"
            },
            "type": "library",
            "extra": {
                "branch-alias": {
                    "dev-master": "2.4.x-dev"
                }
            },
            "autoload": {
                "psr-4": {
                    "Opis\\Closure\\": "lib/"
                }
            },
            "notification-url": "https://packagist.org/downloads/",
            "license": [
                "MIT"
            ],
            "authors": [
                {
                    "name": "Marius Sarca",
                    "email": "marius.sarca@gmail.com"
                }
            ],
            "description": "A library for PHP 5.3+ that can be used to serialize closures (anonymous functions).",
            "homepage": "http://www.opis.io/closure",
            "keywords": [
                "anonymous functions",
                "closure",
                "function",
                "serializable",
                "serialization",
                "serialize"
            ],
            "support": {
                "issues": "https://github.com/opis/closure/issues",
                "source": "https://github.com/opis/closure/tree/2.4.1"
            },
            "time": "2017-04-13T08:14:00+00:00"
        },
        {
            "name": "psr/container",
            "version": "1.1.x-dev",
            "source": {
                "type": "git",
                "url": "https://github.com/php-fig/container.git",
                "reference": "8622567409010282b7aeebe4bb841fe98b58dcaf"
            },
            "dist": {
                "type": "zip",
                "url": "https://api.github.com/repos/php-fig/container/zipball/8622567409010282b7aeebe4bb841fe98b58dcaf",
                "reference": "8622567409010282b7aeebe4bb841fe98b58dcaf",
                "shasum": ""
            },
            "require": {
                "php": ">=7.2.0"
            },
            "type": "library",
            "autoload": {
                "psr-4": {
                    "Psr\\Container\\": "src/"
                }
            },
            "notification-url": "https://packagist.org/downloads/",
            "license": [
                "MIT"
            ],
            "authors": [
                {
                    "name": "PHP-FIG",
                    "homepage": "https://www.php-fig.org/"
                }
            ],
            "description": "Common Container Interface (PHP FIG PSR-11)",
            "homepage": "https://github.com/php-fig/container",
            "keywords": [
                "PSR-11",
                "container",
                "container-interface",
                "container-interop",
                "psr"
            ],
            "support": {
                "issues": "https://github.com/php-fig/container/issues",
                "source": "https://github.com/php-fig/container/tree/1.1.x"
            },
            "time": "2021-03-05T17:36:06+00:00"
        },
        {
            "name": "react/cache",
            "version": "v1.1.1",
            "source": {
                "type": "git",
                "url": "https://github.com/reactphp/cache.git",
                "reference": "4bf736a2cccec7298bdf745db77585966fc2ca7e"
            },
            "dist": {
                "type": "zip",
                "url": "https://api.github.com/repos/reactphp/cache/zipball/4bf736a2cccec7298bdf745db77585966fc2ca7e",
                "reference": "4bf736a2cccec7298bdf745db77585966fc2ca7e",
                "shasum": ""
            },
            "require": {
                "php": ">=5.3.0",
                "react/promise": "^3.0 || ^2.0 || ^1.1"
            },
            "require-dev": {
                "phpunit/phpunit": "^9.3 || ^5.7 || ^4.8.35"
            },
            "type": "library",
            "autoload": {
                "psr-4": {
                    "React\\Cache\\": "src/"
                }
            },
            "notification-url": "https://packagist.org/downloads/",
            "license": [
                "MIT"
            ],
            "authors": [
                {
                    "name": "Christian Lück",
                    "email": "christian@clue.engineering",
                    "homepage": "https://clue.engineering/"
                },
                {
                    "name": "Cees-Jan Kiewiet",
                    "email": "reactphp@ceesjankiewiet.nl",
                    "homepage": "https://wyrihaximus.net/"
                },
                {
                    "name": "Jan Sorgalla",
                    "email": "jsorgalla@gmail.com",
                    "homepage": "https://sorgalla.com/"
                },
                {
                    "name": "Chris Boden",
                    "email": "cboden@gmail.com",
                    "homepage": "https://cboden.dev/"
                }
            ],
            "description": "Async, Promise-based cache interface for ReactPHP",
            "keywords": [
                "cache",
                "caching",
                "promise",
                "reactphp"
            ],
            "support": {
                "issues": "https://github.com/reactphp/cache/issues",
                "source": "https://github.com/reactphp/cache/tree/v1.1.1"
            },
            "funding": [
                {
                    "url": "https://github.com/WyriHaximus",
                    "type": "github"
                },
                {
                    "url": "https://github.com/clue",
                    "type": "github"
                }
            ],
            "time": "2021-02-02T06:47:52+00:00"
        },
        {
            "name": "react/dns",
            "version": "v0.4.19",
            "source": {
                "type": "git",
                "url": "https://github.com/reactphp/dns.git",
                "reference": "6852fb98e22d2e5bb35fe5aeeaa96551b120e7c9"
            },
            "dist": {
                "type": "zip",
                "url": "https://api.github.com/repos/reactphp/dns/zipball/6852fb98e22d2e5bb35fe5aeeaa96551b120e7c9",
                "reference": "6852fb98e22d2e5bb35fe5aeeaa96551b120e7c9",
                "shasum": ""
            },
            "require": {
                "php": ">=5.3.0",
                "react/cache": "^1.0 || ^0.6 || ^0.5",
                "react/event-loop": "^1.0 || ^0.5 || ^0.4 || ^0.3.5",
                "react/promise": "^2.1 || ^1.2.1",
                "react/promise-timer": "^1.2",
                "react/stream": "^1.0 || ^0.7 || ^0.6 || ^0.5 || ^0.4.5"
            },
            "require-dev": {
                "clue/block-react": "^1.2",
                "phpunit/phpunit": "^7.0 || ^6.4 || ^5.7 || ^4.8.35"
            },
            "type": "library",
            "autoload": {
                "psr-4": {
                    "React\\Dns\\": "src"
                }
            },
            "notification-url": "https://packagist.org/downloads/",
            "license": [
                "MIT"
            ],
            "description": "Async DNS resolver for ReactPHP",
            "keywords": [
                "async",
                "dns",
                "dns-resolver",
                "reactphp"
            ],
            "support": {
                "issues": "https://github.com/reactphp/dns/issues",
                "source": "https://github.com/reactphp/dns/tree/v0.4.19"
            },
            "time": "2019-07-10T21:00:53+00:00"
        },
        {
            "name": "react/event-loop",
            "version": "v1.1.1",
            "source": {
                "type": "git",
                "url": "https://github.com/reactphp/event-loop.git",
                "reference": "6d24de090cd59cfc830263cfba965be77b563c13"
            },
            "dist": {
                "type": "zip",
                "url": "https://api.github.com/repos/reactphp/event-loop/zipball/6d24de090cd59cfc830263cfba965be77b563c13",
                "reference": "6d24de090cd59cfc830263cfba965be77b563c13",
                "shasum": ""
            },
            "require": {
                "php": ">=5.3.0"
            },
            "require-dev": {
                "phpunit/phpunit": "^7.0 || ^6.4 || ^5.7 || ^4.8.35"
            },
            "suggest": {
                "ext-event": "~1.0 for ExtEventLoop",
                "ext-pcntl": "For signal handling support when using the StreamSelectLoop",
                "ext-uv": "* for ExtUvLoop"
            },
            "type": "library",
            "autoload": {
                "psr-4": {
                    "React\\EventLoop\\": "src"
                }
            },
            "notification-url": "https://packagist.org/downloads/",
            "license": [
                "MIT"
            ],
            "description": "ReactPHP's core reactor event loop that libraries can use for evented I/O.",
            "keywords": [
                "asynchronous",
                "event-loop"
            ],
            "support": {
                "issues": "https://github.com/reactphp/event-loop/issues",
                "source": "https://github.com/reactphp/event-loop/tree/v1.1.1"
            },
            "time": "2020-01-01T18:39:52+00:00"
        },
        {
            "name": "react/promise",
            "version": "2.x-dev",
            "source": {
                "type": "git",
                "url": "https://github.com/reactphp/promise.git",
                "reference": "a9752a861e21c0fe0b380c9f9e55beddc0ed7d31"
            },
            "dist": {
                "type": "zip",
                "url": "https://api.github.com/repos/reactphp/promise/zipball/a9752a861e21c0fe0b380c9f9e55beddc0ed7d31",
                "reference": "a9752a861e21c0fe0b380c9f9e55beddc0ed7d31",
                "shasum": ""
            },
            "require": {
                "php": ">=5.4.0"
            },
            "require-dev": {
                "phpunit/phpunit": "^9.3 || ^5.7 || ^4.8.36"
            },
            "type": "library",
            "autoload": {
                "psr-4": {
                    "React\\Promise\\": "src/"
                },
                "files": [
                    "src/functions_include.php"
                ]
            },
            "notification-url": "https://packagist.org/downloads/",
            "license": [
                "MIT"
            ],
            "authors": [
                {
                    "name": "Jan Sorgalla",
                    "email": "jsorgalla@gmail.com"
                }
            ],
            "description": "A lightweight implementation of CommonJS Promises/A for PHP",
            "keywords": [
                "promise",
                "promises"
            ],
            "support": {
                "issues": "https://github.com/reactphp/promise/issues",
                "source": "https://github.com/reactphp/promise/tree/2.x"
            },
            "funding": [
                {
                    "url": "https://github.com/WyriHaximus",
                    "type": "github"
                },
                {
                    "url": "https://github.com/clue",
                    "type": "github"
                }
            ],
            "time": "2021-02-09T15:06:50+00:00"
        },
        {
            "name": "react/promise-timer",
            "version": "v1.6.0",
            "source": {
                "type": "git",
                "url": "https://github.com/reactphp/promise-timer.git",
                "reference": "daee9baf6ef30c43ea4c86399f828bb5f558f6e6"
            },
            "dist": {
                "type": "zip",
                "url": "https://api.github.com/repos/reactphp/promise-timer/zipball/daee9baf6ef30c43ea4c86399f828bb5f558f6e6",
                "reference": "daee9baf6ef30c43ea4c86399f828bb5f558f6e6",
                "shasum": ""
            },
            "require": {
                "php": ">=5.3",
                "react/event-loop": "^1.0 || ^0.5 || ^0.4 || ^0.3.5",
                "react/promise": "^3.0 || ^2.7.0 || ^1.2.1"
            },
            "require-dev": {
                "phpunit/phpunit": "^9.0 || ^5.7 || ^4.8.35"
            },
            "type": "library",
            "autoload": {
                "psr-4": {
                    "React\\Promise\\Timer\\": "src/"
                },
                "files": [
                    "src/functions_include.php"
                ]
            },
            "notification-url": "https://packagist.org/downloads/",
            "license": [
                "MIT"
            ],
            "authors": [
                {
                    "name": "Christian Lück",
                    "email": "christian@lueck.tv"
                }
            ],
            "description": "A trivial implementation of timeouts for Promises, built on top of ReactPHP.",
            "homepage": "https://github.com/reactphp/promise-timer",
            "keywords": [
                "async",
                "event-loop",
                "promise",
                "reactphp",
                "timeout",
                "timer"
            ],
            "support": {
                "issues": "https://github.com/reactphp/promise-timer/issues",
                "source": "https://github.com/reactphp/promise-timer/tree/v1.6.0"
            },
            "time": "2020-07-10T12:18:06+00:00"
        },
        {
            "name": "react/socket",
            "version": "v0.8.12",
            "source": {
                "type": "git",
                "url": "https://github.com/reactphp/socket.git",
                "reference": "7f7e6c56ccda7418a1a264892a625f38a5bdee0c"
            },
            "dist": {
                "type": "zip",
                "url": "https://api.github.com/repos/reactphp/socket/zipball/7f7e6c56ccda7418a1a264892a625f38a5bdee0c",
                "reference": "7f7e6c56ccda7418a1a264892a625f38a5bdee0c",
                "shasum": ""
            },
            "require": {
                "evenement/evenement": "^3.0 || ^2.0 || ^1.0",
                "php": ">=5.3.0",
                "react/dns": "^0.4.13",
                "react/event-loop": "^1.0 || ^0.5 || ^0.4 || ^0.3.5",
                "react/promise": "^2.6.0 || ^1.2.1",
                "react/promise-timer": "^1.4.0",
                "react/stream": "^1.0 || ^0.7.1"
            },
            "require-dev": {
                "clue/block-react": "^1.2",
                "phpunit/phpunit": "^6.4 || ^5.7 || ^4.8.35"
            },
            "type": "library",
            "autoload": {
                "psr-4": {
                    "React\\Socket\\": "src"
                }
            },
            "notification-url": "https://packagist.org/downloads/",
            "license": [
                "MIT"
            ],
            "description": "Async, streaming plaintext TCP/IP and secure TLS socket server and client connections for ReactPHP",
            "keywords": [
                "Connection",
                "Socket",
                "async",
                "reactphp",
                "stream"
            ],
            "support": {
                "issues": "https://github.com/reactphp/socket/issues",
                "source": "https://github.com/reactphp/socket/tree/v0.8.12"
            },
            "time": "2018-06-11T14:33:43+00:00"
        },
        {
            "name": "react/stream",
            "version": "v1.1.1",
            "source": {
                "type": "git",
                "url": "https://github.com/reactphp/stream.git",
                "reference": "7c02b510ee3f582c810aeccd3a197b9c2f52ff1a"
            },
            "dist": {
                "type": "zip",
                "url": "https://api.github.com/repos/reactphp/stream/zipball/7c02b510ee3f582c810aeccd3a197b9c2f52ff1a",
                "reference": "7c02b510ee3f582c810aeccd3a197b9c2f52ff1a",
                "shasum": ""
            },
            "require": {
                "evenement/evenement": "^3.0 || ^2.0 || ^1.0",
                "php": ">=5.3.8",
                "react/event-loop": "^1.0 || ^0.5 || ^0.4 || ^0.3.5"
            },
            "require-dev": {
                "clue/stream-filter": "~1.2",
                "phpunit/phpunit": "^7.0 || ^6.4 || ^5.7 || ^4.8.35"
            },
            "type": "library",
            "autoload": {
                "psr-4": {
                    "React\\Stream\\": "src"
                }
            },
            "notification-url": "https://packagist.org/downloads/",
            "license": [
                "MIT"
            ],
            "description": "Event-driven readable and writable streams for non-blocking I/O in ReactPHP",
            "keywords": [
                "event-driven",
                "io",
                "non-blocking",
                "pipe",
                "reactphp",
                "readable",
                "stream",
                "writable"
            ],
            "support": {
                "issues": "https://github.com/reactphp/stream/issues",
                "source": "https://github.com/reactphp/stream/tree/v1.1.1"
            },
            "time": "2020-05-04T10:17:57+00:00"
        },
        {
            "name": "spatie/macroable",
            "version": "1.0.1",
            "source": {
                "type": "git",
                "url": "https://github.com/spatie/macroable.git",
                "reference": "7a99549fc001c925714b329220dea680c04bfa48"
            },
            "dist": {
                "type": "zip",
                "url": "https://api.github.com/repos/spatie/macroable/zipball/7a99549fc001c925714b329220dea680c04bfa48",
                "reference": "7a99549fc001c925714b329220dea680c04bfa48",
                "shasum": ""
            },
            "require": {
                "php": "^7.2|^8.0"
            },
            "require-dev": {
                "phpunit/phpunit": "^8.0|^9.3"
            },
            "type": "library",
            "autoload": {
                "psr-4": {
                    "Spatie\\Macroable\\": "src"
                }
            },
            "notification-url": "https://packagist.org/downloads/",
            "license": [
                "MIT"
            ],
            "authors": [
                {
                    "name": "Freek Van der Herten",
                    "email": "freek@spatie.be",
                    "homepage": "https://spatie.be",
                    "role": "Developer"
                }
            ],
            "description": "A trait to dynamically add methods to a class",
            "homepage": "https://github.com/spatie/macroable",
            "keywords": [
                "macroable",
                "spatie"
            ],
            "support": {
                "issues": "https://github.com/spatie/macroable/issues",
                "source": "https://github.com/spatie/macroable/tree/1.0.1"
            },
            "time": "2020-11-03T10:15:05+00:00"
        },
        {
            "name": "symfony/http-foundation",
            "version": "4.0.x-dev",
            "source": {
                "type": "git",
                "url": "https://github.com/symfony/http-foundation.git",
                "reference": "0ae40f062a30bf6d13923b7c1cad439b7cb7170e"
            },
            "dist": {
                "type": "zip",
                "url": "https://api.github.com/repos/symfony/http-foundation/zipball/0ae40f062a30bf6d13923b7c1cad439b7cb7170e",
                "reference": "0ae40f062a30bf6d13923b7c1cad439b7cb7170e",
                "shasum": ""
            },
            "require": {
                "php": "^7.1.3",
                "symfony/polyfill-mbstring": "~1.1"
            },
            "require-dev": {
                "symfony/expression-language": "~3.4|~4.0"
            },
            "type": "library",
            "extra": {
                "branch-alias": {
                    "dev-master": "4.0-dev"
                }
            },
            "autoload": {
                "psr-4": {
                    "Symfony\\Component\\HttpFoundation\\": ""
                },
                "exclude-from-classmap": [
                    "/Tests/"
                ]
            },
            "notification-url": "https://packagist.org/downloads/",
            "license": [
                "MIT"
            ],
            "authors": [
                {
                    "name": "Fabien Potencier",
                    "email": "fabien@symfony.com"
                },
                {
                    "name": "Symfony Community",
                    "homepage": "https://symfony.com/contributors"
                }
            ],
            "description": "Symfony HttpFoundation Component",
            "homepage": "https://symfony.com",
            "support": {
                "source": "https://github.com/symfony/http-foundation/tree/4.0"
            },
            "time": "2018-11-29T16:00:22+00:00"
        },
        {
            "name": "symfony/polyfill-mbstring",
            "version": "dev-main",
            "source": {
                "type": "git",
                "url": "https://github.com/symfony/polyfill-mbstring.git",
                "reference": "9ad2f3c9de0273812c616fdf96070a129c3defcb"
            },
            "dist": {
                "type": "zip",
                "url": "https://api.github.com/repos/symfony/polyfill-mbstring/zipball/9ad2f3c9de0273812c616fdf96070a129c3defcb",
                "reference": "9ad2f3c9de0273812c616fdf96070a129c3defcb",
                "shasum": ""
            },
            "require": {
                "php": ">=7.1"
            },
            "suggest": {
                "ext-mbstring": "For best performance"
            },
            "default-branch": true,
            "type": "library",
            "extra": {
                "branch-alias": {
                    "dev-main": "1.23-dev"
                },
                "thanks": {
                    "name": "symfony/polyfill",
                    "url": "https://github.com/symfony/polyfill"
                }
            },
            "autoload": {
                "psr-4": {
                    "Symfony\\Polyfill\\Mbstring\\": ""
                },
                "files": [
                    "bootstrap.php"
                ]
            },
            "notification-url": "https://packagist.org/downloads/",
            "license": [
                "MIT"
            ],
            "authors": [
                {
                    "name": "Nicolas Grekas",
                    "email": "p@tchwork.com"
                },
                {
                    "name": "Symfony Community",
                    "homepage": "https://symfony.com/contributors"
                }
            ],
            "description": "Symfony polyfill for the Mbstring extension",
            "homepage": "https://symfony.com",
            "keywords": [
                "compatibility",
                "mbstring",
                "polyfill",
                "portable",
                "shim"
            ],
            "support": {
                "source": "https://github.com/symfony/polyfill-mbstring/tree/main"
            },
            "funding": [
                {
                    "url": "https://symfony.com/sponsor",
                    "type": "custom"
                },
                {
                    "url": "https://github.com/fabpot",
                    "type": "github"
                },
                {
                    "url": "https://tidelift.com/funding/github/packagist/symfony/symfony",
                    "type": "tidelift"
                }
            ],
            "time": "2021-04-23T08:04:02+00:00"
        },
        {
            "name": "symfony/polyfill-php72",
            "version": "dev-main",
            "source": {
                "type": "git",
                "url": "https://github.com/symfony/polyfill-php72.git",
                "reference": "95695b83b8ecb15450a6cabfc2e352beb17cce6b"
            },
            "dist": {
                "type": "zip",
                "url": "https://api.github.com/repos/symfony/polyfill-php72/zipball/95695b83b8ecb15450a6cabfc2e352beb17cce6b",
                "reference": "95695b83b8ecb15450a6cabfc2e352beb17cce6b",
                "shasum": ""
            },
            "require": {
                "php": ">=7.1"
            },
            "default-branch": true,
            "type": "library",
            "extra": {
                "branch-alias": {
                    "dev-main": "1.23-dev"
                },
                "thanks": {
                    "name": "symfony/polyfill",
                    "url": "https://github.com/symfony/polyfill"
                }
            },
            "autoload": {
                "psr-4": {
                    "Symfony\\Polyfill\\Php72\\": ""
                },
                "files": [
                    "bootstrap.php"
                ]
            },
            "notification-url": "https://packagist.org/downloads/",
            "license": [
                "MIT"
            ],
            "authors": [
                {
                    "name": "Nicolas Grekas",
                    "email": "p@tchwork.com"
                },
                {
                    "name": "Symfony Community",
                    "homepage": "https://symfony.com/contributors"
                }
            ],
            "description": "Symfony polyfill backporting some PHP 7.2+ features to lower PHP versions",
            "homepage": "https://symfony.com",
            "keywords": [
                "compatibility",
                "polyfill",
                "portable",
                "shim"
            ],
            "support": {
                "source": "https://github.com/symfony/polyfill-php72/tree/main"
            },
            "funding": [
                {
                    "url": "https://symfony.com/sponsor",
                    "type": "custom"
                },
                {
                    "url": "https://github.com/fabpot",
                    "type": "github"
                },
                {
                    "url": "https://tidelift.com/funding/github/packagist/symfony/symfony",
                    "type": "tidelift"
                }
            ],
            "time": "2021-02-19T12:13:01+00:00"
        },
        {
            "name": "symfony/polyfill-php80",
            "version": "dev-main",
            "source": {
                "type": "git",
                "url": "https://github.com/symfony/polyfill-php80.git",
                "reference": "eca0bf41ed421bed1b57c4958bab16aa86b757d0"
            },
            "dist": {
                "type": "zip",
                "url": "https://api.github.com/repos/symfony/polyfill-php80/zipball/eca0bf41ed421bed1b57c4958bab16aa86b757d0",
                "reference": "eca0bf41ed421bed1b57c4958bab16aa86b757d0",
                "shasum": ""
            },
            "require": {
                "php": ">=7.1"
            },
            "default-branch": true,
            "type": "library",
            "extra": {
                "branch-alias": {
                    "dev-main": "1.23-dev"
                },
                "thanks": {
                    "name": "symfony/polyfill",
                    "url": "https://github.com/symfony/polyfill"
                }
            },
            "autoload": {
                "psr-4": {
                    "Symfony\\Polyfill\\Php80\\": ""
                },
                "files": [
                    "bootstrap.php"
                ],
                "classmap": [
                    "Resources/stubs"
                ]
            },
            "notification-url": "https://packagist.org/downloads/",
            "license": [
                "MIT"
            ],
            "authors": [
                {
                    "name": "Ion Bazan",
                    "email": "ion.bazan@gmail.com"
                },
                {
                    "name": "Nicolas Grekas",
                    "email": "p@tchwork.com"
                },
                {
                    "name": "Symfony Community",
                    "homepage": "https://symfony.com/contributors"
                }
            ],
            "description": "Symfony polyfill backporting some PHP 8.0+ features to lower PHP versions",
            "homepage": "https://symfony.com",
            "keywords": [
                "compatibility",
                "polyfill",
                "portable",
                "shim"
            ],
            "support": {
                "source": "https://github.com/symfony/polyfill-php80/tree/main"
            },
            "funding": [
                {
                    "url": "https://symfony.com/sponsor",
                    "type": "custom"
                },
                {
                    "url": "https://github.com/fabpot",
                    "type": "github"
                },
                {
                    "url": "https://tidelift.com/funding/github/packagist/symfony/symfony",
                    "type": "tidelift"
                }
            ],
            "time": "2021-02-19T12:13:01+00:00"
        },
        {
            "name": "symfony/var-dumper",
            "version": "4.4.x-dev",
            "source": {
                "type": "git",
                "url": "https://github.com/symfony/var-dumper.git",
                "reference": "c194bcedde6295f3ec3e9eba1f5d484ea97c41a7"
            },
            "dist": {
                "type": "zip",
                "url": "https://api.github.com/repos/symfony/var-dumper/zipball/c194bcedde6295f3ec3e9eba1f5d484ea97c41a7",
                "reference": "c194bcedde6295f3ec3e9eba1f5d484ea97c41a7",
                "shasum": ""
            },
            "require": {
                "php": ">=7.1.3",
                "symfony/polyfill-mbstring": "~1.0",
                "symfony/polyfill-php72": "~1.5",
                "symfony/polyfill-php80": "^1.15"
            },
            "conflict": {
                "phpunit/phpunit": "<4.8.35|<5.4.3,>=5.0",
                "symfony/console": "<3.4"
            },
            "require-dev": {
                "ext-iconv": "*",
                "symfony/console": "^3.4|^4.0|^5.0",
                "symfony/process": "^4.4|^5.0",
                "twig/twig": "^1.43|^2.13|^3.0.4"
            },
            "suggest": {
                "ext-iconv": "To convert non-UTF-8 strings to UTF-8 (or symfony/polyfill-iconv in case ext-iconv cannot be used).",
                "ext-intl": "To show region name in time zone dump",
                "symfony/console": "To use the ServerDumpCommand and/or the bin/var-dump-server script"
            },
            "bin": [
                "Resources/bin/var-dump-server"
            ],
            "type": "library",
            "autoload": {
                "files": [
                    "Resources/functions/dump.php"
                ],
                "psr-4": {
                    "Symfony\\Component\\VarDumper\\": ""
                },
                "exclude-from-classmap": [
                    "/Tests/"
                ]
            },
            "notification-url": "https://packagist.org/downloads/",
            "license": [
                "MIT"
            ],
            "authors": [
                {
                    "name": "Nicolas Grekas",
                    "email": "p@tchwork.com"
                },
                {
                    "name": "Symfony Community",
                    "homepage": "https://symfony.com/contributors"
                }
            ],
            "description": "Provides mechanisms for walking through any arbitrary PHP variable",
            "homepage": "https://symfony.com",
            "keywords": [
                "debug",
                "dump"
            ],
            "support": {
                "source": "https://github.com/symfony/var-dumper/tree/4.4"
            },
            "funding": [
                {
                    "url": "https://symfony.com/sponsor",
                    "type": "custom"
                },
                {
                    "url": "https://github.com/fabpot",
                    "type": "github"
                },
                {
                    "url": "https://tidelift.com/funding/github/packagist/symfony/symfony",
                    "type": "tidelift"
                }
            ],
            "time": "2021-04-19T13:36:17+00:00"
        },
        {
            "name": "tightenco/collect",
            "version": "v5.8.38",
            "source": {
                "type": "git",
                "url": "https://github.com/tighten/collect.git",
                "reference": "c93a7039e6207ad533a09109838fe80933fcc72c"
            },
            "dist": {
                "type": "zip",
                "url": "https://api.github.com/repos/tighten/collect/zipball/c93a7039e6207ad533a09109838fe80933fcc72c",
                "reference": "c93a7039e6207ad533a09109838fe80933fcc72c",
                "shasum": ""
            },
            "require": {
                "php": "^7.1.3",
                "symfony/var-dumper": ">=3.4 <5"
            },
            "require-dev": {
                "mockery/mockery": "^1.0",
                "nesbot/carbon": "^1.26.3",
                "phpunit/phpunit": "^7.0"
            },
            "type": "library",
            "autoload": {
                "files": [
                    "src/Collect/Support/helpers.php",
                    "src/Collect/Support/alias.php"
                ],
                "psr-4": {
                    "Tightenco\\Collect\\": "src/Collect"
                }
            },
            "notification-url": "https://packagist.org/downloads/",
            "license": [
                "MIT"
            ],
            "authors": [
                {
                    "name": "Taylor Otwell",
                    "email": "taylorotwell@gmail.com"
                }
            ],
            "description": "Collect - Illuminate Collections as a separate package.",
            "keywords": [
                "collection",
                "laravel"
            ],
            "support": {
                "issues": "https://github.com/tighten/collect/issues",
                "source": "https://github.com/tighten/collect/tree/v5.8.38"
            },
            "time": "2019-09-17T18:57:01+00:00"
        }
    ],
    "packages-dev": [],
    "aliases": [],
    "minimum-stability": "dev",
    "stability-flags": {
        "botman/driver-web": 20
    },
    "prefer-stable": false,
    "prefer-lowest": false,
    "platform": [],
    "platform-dev": [],
    "plugin-api-version": "2.0.0"
}
